<?xml version="1.0" encoding="UTF-8" standalone="yes" ?>
<CodeBlocks_project_file>
	<FileVersion major="1" minor="6" />
	<Project>
		<Option title="game2048" />
		<Option pch_mode="2" />
		<Option compiler="gcc" />
		<Build>
			<Target title="Debug">
				<Option output="bin/Debug/game2048" prefix_auto="1" extension_auto="1" />
				<Option object_output="obj/Debug/" />
				<Option type="1" />
				<Option compiler="gcc" />
				<Compiler>
					<Add option="-g" />
					<Add directory="../../../../Program Files (x86)/CodeBlocks/SDL2-2.0.12/i686-w64-mingw32/include/SDL2" />
					<Add directory="../../../../Program Files (x86)/CodeBlocks/SDL2_image-2.0.5/i686-w64-mingw32/include/SDL2" />
					<Add directory="../../../../Program Files (x86)/CodeBlocks/SDL2_mixer-2.0.4/i686-w64-mingw32/include/SDL2" />
				</Compiler>
				<Linker>
					<Add option="-lmingw32 -lSDL2main -lSDL2" />
					<Add option="-lSDL2_image" />
					<Add option="-lSDL2_mixer" />
					<Add directory="../../../../Program Files (x86)/CodeBlocks/SDL2-2.0.12/i686-w64-mingw32/lib" />
					<Add directory="../../../../Program Files (x86)/CodeBlocks/SDL2_image-2.0.5/i686-w64-mingw32/lib" />
					<Add directory="../../../../Program Files (x86)/CodeBlocks/SDL2_mixer-2.0.4/i686-w64-mingw32/lib" />
				</Linker>
			</Target>
			<Target title="Release">
				<Option output="bin/Release/game2048" prefix_auto="1" extension_auto="1" />
				<Option object_output="obj/Release/" />
				<Option type="1" />
				<Option compiler="gcc" />
				<Compiler>
					<Add option="-O2" />
				</Compiler>
				<Linker>
					<Add option="-s" />
				</Linker>
			</Target>
		</Build>
		<Compiler>
			<Add option="-Wall" />
		</Compiler>
		<Unit filename="main.cpp" />
		<Extensions />
	</Project>
</CodeBlocks_project_file>
